
Microsoft Visual Studio Solution File, Format Version 12.00
# Visual Studio Version 16
VisualStudioVersion = 16.0.29806.167
MinimumVisualStudioVersion = 10.0.40219.1
Project("{FAE04EC0-301F-11D3-BF4B-00C04F79EFBC}") = "Naloga_1", "Naloga_1\Naloga_1.csproj", "{0ED72CC7-A2C4-4865-864A-FE7875FB6207}"
EndProject
Project("{FAE04EC0-301F-11D3-BF4B-00C04F79EFBC}") = "Naloga_2", "Naloga_2\Naloga_2.csproj", "{48E20B22-B580-4E22-BF69-55E4E8979AE9}"
EndProject
Project("{FAE04EC0-301F-11D3-BF4B-00C04F79EFBC}") = "Naloga_4", "Naloga_4\Naloga_4.csproj", "{54BF7E47-E5D7-4D81-B5B6-503F5B6678EE}"
EndProject
Project("{FAE04EC0-301F-11D3-BF4B-00C04F79EFBC}") = "Naloga_5", "Naloga_5\Naloga_5.csproj", "{7C9BD8CF-D2E4-44A5-AD98-A6B6C8511705}"
EndProject
Project("{FAE04EC0-301F-11D3-BF4B-00C04F79EFBC}") = "Naloga_3", "Naloga_3\Naloga_3.csproj", "{41A4C12F-B376-48C9-9F24-4F95183EF26D}"
EndProject
Global
	GlobalSection(SolutionConfigurationPlatforms) = preSolution
		Debug|Any CPU = Debug|Any CPU
		Release|Any CPU = Release|Any CPU
	EndGlobalSection
	GlobalSection(ProjectConfigurationPlatforms) = postSolution
		{0ED72CC7-A2C4-4865-864A-FE7875FB6207}.Debug|Any CPU.ActiveCfg = Debug|Any CPU
		{0ED72CC7-A2C4-4865-864A-FE7875FB6207}.Debug|Any CPU.Build.0 = Debug|Any CPU
		{0ED72CC7-A2C4-4865-864A-FE7875FB6207}.Release|Any CPU.ActiveCfg = Release|Any CPU
		{0ED72CC7-A2C4-4865-864A-FE7875FB6207}.Release|Any CPU.Build.0 = Release|Any CPU
		{48E20B22-B580-4E22-BF69-55E4E8979AE9}.Debug|Any CPU.ActiveCfg = Debug|Any CPU
		{48E20B22-B580-4E22-BF69-55E4E8979AE9}.Debug|Any CPU.Build.0 = Debug|Any CPU
		{48E20B22-B580-4E22-BF69-55E4E8979AE9}.Release|Any CPU.ActiveCfg = Release|Any CPU
		{48E20B22-B580-4E22-BF69-55E4E8979AE9}.Release|Any CPU.Build.0 = Release|Any CPU
		{54BF7E47-E5D7-4D81-B5B6-503F5B6678EE}.Debug|Any CPU.ActiveCfg = Debug|Any CPU
		{54BF7E47-E5D7-4D81-B5B6-503F5B6678EE}.Debug|Any CPU.Build.0 = Debug|Any CPU
		{54BF7E47-E5D7-4D81-B5B6-503F5B6678EE}.Release|Any CPU.ActiveCfg = Release|Any CPU
		{54BF7E47-E5D7-4D81-B5B6-503F5B6678EE}.Release|Any CPU.Build.0 = Release|Any CPU
		{7C9BD8CF-D2E4-44A5-AD98-A6B6C8511705}.Debug|Any CPU.ActiveCfg = Debug|Any CPU
		{7C9BD8CF-D2E4-44A5-AD98-A6B6C8511705}.Debug|Any CPU.Build.0 = Debug|Any CPU
		{7C9BD8CF-D2E4-44A5-AD98-A6B6C8511705}.Release|Any CPU.ActiveCfg = Release|Any CPU
		{7C9BD8CF-D2E4-44A5-AD98-A6B6C8511705}.Release|Any CPU.Build.0 = Release|Any CPU
		{41A4C12F-B376-48C9-9F24-4F95183EF26D}.Debug|Any CPU.ActiveCfg = Debug|Any CPU
		{41A4C12F-B376-48C9-9F24-4F95183EF26D}.Debug|Any CPU.Build.0 = Debug|Any CPU
		{41A4C12F-B376-48C9-9F24-4F95183EF26D}.Release|Any CPU.ActiveCfg = Release|Any CPU
		{41A4C12F-B376-48C9-9F24-4F95183EF26D}.Release|Any CPU.Build.0 = Release|Any CPU
	EndGlobalSection
	GlobalSection(SolutionProperties) = preSolution
		HideSolutionNode = FALSE
	EndGlobalSection
	GlobalSection(ExtensibilityGlobals) = postSolution
		SolutionGuid = {9AD3F3E1-A285-4F3D-A672-1B6C8F74F278}
	EndGlobalSection
EndGlobal
